{
  "name": "@gozenc/packer",
  "version": "1.0.0",
  "lockfileVersion": 3,
  "requires": true,
  "packages": {
    "": {
      "name": "@gozenc/packer",
      "version": "1.0.0",
      "license": "MIT",
      "bin": {
        "packer": "bin/packer.js"
      },
      "engines": {
        "node": ">=18.0.0"
      }
    }
  }
}
